
Microsoft Visual Studio Solution File, Format Version 12.00
# Visual Studio Version 17
VisualStudioVersion = 17.14.36109.1 d17.14
MinimumVisualStudioVersion = 10.0.40219.1
Project("{FAE04EC0-301F-11D3-BF4B-00C04F79EFBC}") = "DroidRallyAssignment", "DroidRallyAssignment\DroidRallyAssignment.csproj", "{4E89419C-B98F-4396-BEB2-648F0AB68781}"
EndProject
Global
	GlobalSection(SolutionConfigurationPlatforms) = preSolution
		Debug|Any CPU = Debug|Any CPU
		Release|Any CPU = Release|Any CPU
	EndGlobalSection
	GlobalSection(ProjectConfigurationPlatforms) = postSolution
		{4E89419C-B98F-4396-BEB2-648F0AB68781}.Debug|Any CPU.ActiveCfg = Debug|Any CPU
		{4E89419C-B98F-4396-BEB2-648F0AB68781}.Debug|Any CPU.Build.0 = Debug|Any CPU
		{4E89419C-B98F-4396-BEB2-648F0AB68781}.Release|Any CPU.ActiveCfg = Release|Any CPU
		{4E89419C-B98F-4396-BEB2-648F0AB68781}.Release|Any CPU.Build.0 = Release|Any CPU
	EndGlobalSection
	GlobalSection(SolutionProperties) = preSolution
		HideSolutionNode = FALSE
	EndGlobalSection
	GlobalSection(ExtensibilityGlobals) = postSolution
		SolutionGuid = {58F19A59-190F-4472-B904-68676DE777A7}
	EndGlobalSection
EndGlobal
